# This file is autogenerated, do not edit; changes may be undone by the next 'dep ensure'.


[[projects]]
  name = "github.com/armon/go-radix"
  packages = ["."]
  revision = "4239b77079c7b5d1243b7b4736304ce8ddb6f0f2"

[[projects]]
  name = "github.com/bgentry/speakeasy"
  packages = ["."]
  revision = "e1439544d8ecd0f3e9373a636d447668096a8f81"

[[projects]]
  name = "github.com/gedex/inflector"
  packages = ["."]
  revision = "91797f1712fd58f224781be1080b8613d096187e"

[[projects]]
  name = "github.com/mattn/go-isatty"
  packages = ["."]
  revision = "56b76bdf51f7708750eac80fa38b952bb9f32639"

[[projects]]
  name = "github.com/mitchellh/cli"
  packages = ["."]
  revision = "168daae10d6ff81b8b1201b0a4c9607d7e9b82e3"

[[projects]]
  name = "github.com/serenize/snaker"
  packages = ["."]
  revision = "8824b61eca66d308fcb2d515287d3d7a28dba8d6"

[[projects]]
  branch = "master"
  name = "github.com/tcnksm/go-gitconfig"
  packages = ["."]
  revision = "6411ba19847f20afe47f603328d97aaeca6def6f"

[[projects]]
  name = "golang.org/x/sys"
  packages = ["unix"]
  revision = "a646d33e2ee3172a661fc09bca23bb4889a41bc8"

[solve-meta]
  analyzer-name = "dep"
  analyzer-version = 1
  inputs-digest = "b7031ae56162747b86eecb5c2f03e9e64bc92fee6af3cc4bdd30070efb56c659"
  solver-name = "gps-cdcl"
  solver-version = 1
